
Microsoft Visual Studio Solution File, Format Version 12.00
Project("{2150E333-8FDC-42A3-9474-1A3956D46DE8}") = "src", "src", "{827E0CD3-B72D-47B6-A68D-7590B98EB39B}"
EndProject
Project("{FAE04EC0-301F-11D3-BF4B-00C04F79EFBC}") = "Calendar.Core", "src\Calendar.Core\Calendar.Core.csproj", "{16880B3D-B0A9-4413-9D27-EED33312CAF4}"
EndProject
Project("{FAE04EC0-301F-11D3-BF4B-00C04F79EFBC}") = "Calendar.Shared", "src\Calendar.Shared\Calendar.Shared.csproj", "{439623C1-AE7A-419F-AF28-8000E3BF3B07}"
EndProject
Project("{FAE04EC0-301F-11D3-BF4B-00C04F79EFBC}") = "Calendar.Infrastructure", "src\Calendar.Infrastructure\Calendar.Infrastructure.csproj", "{D56A53D1-A633-4F2E-80DE-4528501414F6}"
EndProject
Project("{FAE04EC0-301F-11D3-BF4B-00C04F79EFBC}") = "Calendar.Service", "src\Calendar.Service\Calendar.Service.csproj", "{3417BBE6-3ACF-4B28-A42E-0EAA8C5A888B}"
EndProject
Project("{FAE04EC0-301F-11D3-BF4B-00C04F79EFBC}") = "Calendar.API", "src\Calendar.API\Calendar.API.csproj", "{58337A20-EDBE-4216-824B-E8EDA1F0D856}"
EndProject
Project("{FAE04EC0-301F-11D3-BF4B-00C04F79EFBC}") = "Calendar.Client", "src\Calendar.Client\Calendar.Client.csproj", "{228FCA57-6FA2-4D1C-BB72-6766AC11F5AE}"
EndProject
Global
	GlobalSection(SolutionConfigurationPlatforms) = preSolution
		Debug|Any CPU = Debug|Any CPU
		Debug|x64 = Debug|x64
		Debug|x86 = Debug|x86
		Release|Any CPU = Release|Any CPU
		Release|x64 = Release|x64
		Release|x86 = Release|x86
	EndGlobalSection
	GlobalSection(ProjectConfigurationPlatforms) = postSolution
		{16880B3D-B0A9-4413-9D27-EED33312CAF4}.Debug|Any CPU.ActiveCfg = Debug|Any CPU
		{16880B3D-B0A9-4413-9D27-EED33312CAF4}.Debug|Any CPU.Build.0 = Debug|Any CPU
		{16880B3D-B0A9-4413-9D27-EED33312CAF4}.Debug|x64.ActiveCfg = Debug|Any CPU
		{16880B3D-B0A9-4413-9D27-EED33312CAF4}.Debug|x64.Build.0 = Debug|Any CPU
		{16880B3D-B0A9-4413-9D27-EED33312CAF4}.Debug|x86.ActiveCfg = Debug|Any CPU
		{16880B3D-B0A9-4413-9D27-EED33312CAF4}.Debug|x86.Build.0 = Debug|Any CPU
		{16880B3D-B0A9-4413-9D27-EED33312CAF4}.Release|Any CPU.ActiveCfg = Release|Any CPU
		{16880B3D-B0A9-4413-9D27-EED33312CAF4}.Release|Any CPU.Build.0 = Release|Any CPU
		{16880B3D-B0A9-4413-9D27-EED33312CAF4}.Release|x64.ActiveCfg = Release|Any CPU
		{16880B3D-B0A9-4413-9D27-EED33312CAF4}.Release|x64.Build.0 = Release|Any CPU
		{16880B3D-B0A9-4413-9D27-EED33312CAF4}.Release|x86.ActiveCfg = Release|Any CPU
		{16880B3D-B0A9-4413-9D27-EED33312CAF4}.Release|x86.Build.0 = Release|Any CPU
		{439623C1-AE7A-419F-AF28-8000E3BF3B07}.Debug|Any CPU.ActiveCfg = Debug|Any CPU
		{439623C1-AE7A-419F-AF28-8000E3BF3B07}.Debug|Any CPU.Build.0 = Debug|Any CPU
		{439623C1-AE7A-419F-AF28-8000E3BF3B07}.Debug|x64.ActiveCfg = Debug|Any CPU
		{439623C1-AE7A-419F-AF28-8000E3BF3B07}.Debug|x64.Build.0 = Debug|Any CPU
		{439623C1-AE7A-419F-AF28-8000E3BF3B07}.Debug|x86.ActiveCfg = Debug|Any CPU
		{439623C1-AE7A-419F-AF28-8000E3BF3B07}.Debug|x86.Build.0 = Debug|Any CPU
		{439623C1-AE7A-419F-AF28-8000E3BF3B07}.Release|Any CPU.ActiveCfg = Release|Any CPU
		{439623C1-AE7A-419F-AF28-8000E3BF3B07}.Release|Any CPU.Build.0 = Release|Any CPU
		{439623C1-AE7A-419F-AF28-8000E3BF3B07}.Release|x64.ActiveCfg = Release|Any CPU
		{439623C1-AE7A-419F-AF28-8000E3BF3B07}.Release|x64.Build.0 = Release|Any CPU
		{439623C1-AE7A-419F-AF28-8000E3BF3B07}.Release|x86.ActiveCfg = Release|Any CPU
		{439623C1-AE7A-419F-AF28-8000E3BF3B07}.Release|x86.Build.0 = Release|Any CPU
		{D56A53D1-A633-4F2E-80DE-4528501414F6}.Debug|Any CPU.ActiveCfg = Debug|Any CPU
		{D56A53D1-A633-4F2E-80DE-4528501414F6}.Debug|Any CPU.Build.0 = Debug|Any CPU
		{D56A53D1-A633-4F2E-80DE-4528501414F6}.Debug|x64.ActiveCfg = Debug|Any CPU
		{D56A53D1-A633-4F2E-80DE-4528501414F6}.Debug|x64.Build.0 = Debug|Any CPU
		{D56A53D1-A633-4F2E-80DE-4528501414F6}.Debug|x86.ActiveCfg = Debug|Any CPU
		{D56A53D1-A633-4F2E-80DE-4528501414F6}.Debug|x86.Build.0 = Debug|Any CPU
		{D56A53D1-A633-4F2E-80DE-4528501414F6}.Release|Any CPU.ActiveCfg = Release|Any CPU
		{D56A53D1-A633-4F2E-80DE-4528501414F6}.Release|Any CPU.Build.0 = Release|Any CPU
		{D56A53D1-A633-4F2E-80DE-4528501414F6}.Release|x64.ActiveCfg = Release|Any CPU
		{D56A53D1-A633-4F2E-80DE-4528501414F6}.Release|x64.Build.0 = Release|Any CPU
		{D56A53D1-A633-4F2E-80DE-4528501414F6}.Release|x86.ActiveCfg = Release|Any CPU
		{D56A53D1-A633-4F2E-80DE-4528501414F6}.Release|x86.Build.0 = Release|Any CPU
		{3417BBE6-3ACF-4B28-A42E-0EAA8C5A888B}.Debug|Any CPU.ActiveCfg = Debug|Any CPU
		{3417BBE6-3ACF-4B28-A42E-0EAA8C5A888B}.Debug|Any CPU.Build.0 = Debug|Any CPU
		{3417BBE6-3ACF-4B28-A42E-0EAA8C5A888B}.Debug|x64.ActiveCfg = Debug|Any CPU
		{3417BBE6-3ACF-4B28-A42E-0EAA8C5A888B}.Debug|x64.Build.0 = Debug|Any CPU
		{3417BBE6-3ACF-4B28-A42E-0EAA8C5A888B}.Debug|x86.ActiveCfg = Debug|Any CPU
		{3417BBE6-3ACF-4B28-A42E-0EAA8C5A888B}.Debug|x86.Build.0 = Debug|Any CPU
		{3417BBE6-3ACF-4B28-A42E-0EAA8C5A888B}.Release|Any CPU.ActiveCfg = Release|Any CPU
		{3417BBE6-3ACF-4B28-A42E-0EAA8C5A888B}.Release|Any CPU.Build.0 = Release|Any CPU
		{3417BBE6-3ACF-4B28-A42E-0EAA8C5A888B}.Release|x64.ActiveCfg = Release|Any CPU
		{3417BBE6-3ACF-4B28-A42E-0EAA8C5A888B}.Release|x64.Build.0 = Release|Any CPU
		{3417BBE6-3ACF-4B28-A42E-0EAA8C5A888B}.Release|x86.ActiveCfg = Release|Any CPU
		{3417BBE6-3ACF-4B28-A42E-0EAA8C5A888B}.Release|x86.Build.0 = Release|Any CPU
		{58337A20-EDBE-4216-824B-E8EDA1F0D856}.Debug|Any CPU.ActiveCfg = Debug|Any CPU
		{58337A20-EDBE-4216-824B-E8EDA1F0D856}.Debug|Any CPU.Build.0 = Debug|Any CPU
		{58337A20-EDBE-4216-824B-E8EDA1F0D856}.Debug|x64.ActiveCfg = Debug|Any CPU
		{58337A20-EDBE-4216-824B-E8EDA1F0D856}.Debug|x64.Build.0 = Debug|Any CPU
		{58337A20-EDBE-4216-824B-E8EDA1F0D856}.Debug|x86.ActiveCfg = Debug|Any CPU
		{58337A20-EDBE-4216-824B-E8EDA1F0D856}.Debug|x86.Build.0 = Debug|Any CPU
		{58337A20-EDBE-4216-824B-E8EDA1F0D856}.Release|Any CPU.ActiveCfg = Release|Any CPU
		{58337A20-EDBE-4216-824B-E8EDA1F0D856}.Release|Any CPU.Build.0 = Release|Any CPU
		{58337A20-EDBE-4216-824B-E8EDA1F0D856}.Release|x64.ActiveCfg = Release|Any CPU
		{58337A20-EDBE-4216-824B-E8EDA1F0D856}.Release|x64.Build.0 = Release|Any CPU
		{58337A20-EDBE-4216-824B-E8EDA1F0D856}.Release|x86.ActiveCfg = Release|Any CPU
		{58337A20-EDBE-4216-824B-E8EDA1F0D856}.Release|x86.Build.0 = Release|Any CPU
		{228FCA57-6FA2-4D1C-BB72-6766AC11F5AE}.Debug|Any CPU.ActiveCfg = Debug|Any CPU
		{228FCA57-6FA2-4D1C-BB72-6766AC11F5AE}.Debug|Any CPU.Build.0 = Debug|Any CPU
		{228FCA57-6FA2-4D1C-BB72-6766AC11F5AE}.Debug|x64.ActiveCfg = Debug|Any CPU
		{228FCA57-6FA2-4D1C-BB72-6766AC11F5AE}.Debug|x64.Build.0 = Debug|Any CPU
		{228FCA57-6FA2-4D1C-BB72-6766AC11F5AE}.Debug|x86.ActiveCfg = Debug|Any CPU
		{228FCA57-6FA2-4D1C-BB72-6766AC11F5AE}.Debug|x86.Build.0 = Debug|Any CPU
		{228FCA57-6FA2-4D1C-BB72-6766AC11F5AE}.Release|Any CPU.ActiveCfg = Release|Any CPU
		{228FCA57-6FA2-4D1C-BB72-6766AC11F5AE}.Release|Any CPU.Build.0 = Release|Any CPU
		{228FCA57-6FA2-4D1C-BB72-6766AC11F5AE}.Release|x64.ActiveCfg = Release|Any CPU
		{228FCA57-6FA2-4D1C-BB72-6766AC11F5AE}.Release|x64.Build.0 = Release|Any CPU
		{228FCA57-6FA2-4D1C-BB72-6766AC11F5AE}.Release|x86.ActiveCfg = Release|Any CPU
		{228FCA57-6FA2-4D1C-BB72-6766AC11F5AE}.Release|x86.Build.0 = Release|Any CPU
	EndGlobalSection
	GlobalSection(SolutionProperties) = preSolution
		HideSolutionNode = FALSE
	EndGlobalSection
	GlobalSection(NestedProjects) = preSolution
		{16880B3D-B0A9-4413-9D27-EED33312CAF4} = {827E0CD3-B72D-47B6-A68D-7590B98EB39B}
		{439623C1-AE7A-419F-AF28-8000E3BF3B07} = {827E0CD3-B72D-47B6-A68D-7590B98EB39B}
		{D56A53D1-A633-4F2E-80DE-4528501414F6} = {827E0CD3-B72D-47B6-A68D-7590B98EB39B}
		{3417BBE6-3ACF-4B28-A42E-0EAA8C5A888B} = {827E0CD3-B72D-47B6-A68D-7590B98EB39B}
		{58337A20-EDBE-4216-824B-E8EDA1F0D856} = {827E0CD3-B72D-47B6-A68D-7590B98EB39B}
		{228FCA57-6FA2-4D1C-BB72-6766AC11F5AE} = {827E0CD3-B72D-47B6-A68D-7590B98EB39B}
	EndGlobalSection
EndGlobal
